// !$*UTF8*$!
{
	archiveVersion = 1;
	classes = {
	};
	objectVersion = 48;
	objects = {

/* Begin PBXBuildFile section */
		39052EFC1FA1117C00201E4A /* Config.swift in Sources */ = {isa = PBXBuildFile; fileRef = 39052EFB1FA1117C00201E4A /* Config.swift */; };
		39052EFE1FA111E700201E4A /* Network.swift in Sources */ = {isa = PBXBuildFile; fileRef = 39052EFD1FA111E700201E4A /* Network.swift */; };
		39052F001FA1139E00201E4A /* Alamofire.framework in Frameworks */ = {isa = PBXBuildFile; fileRef = 39052EFF1FA1139E00201E4A /* Alamofire.framework */; };
		39052F021FA116C000201E4A /* Mentor.swift in Sources */ = {isa = PBXBuildFile; fileRef = 39052F011FA116C000201E4A /* Mentor.swift */; };
		39052F051FA1197100201E4A /* ObjectMapper.framework in Frameworks */ = {isa = PBXBuildFile; fileRef = 39052F041FA1197100201E4A /* ObjectMapper.framework */; };
		39052F071FA11A1600201E4A /* SwiftyJSON.framework in Frameworks */ = {isa = PBXBuildFile; fileRef = 39052F061FA11A1600201E4A /* SwiftyJSON.framework */; };
		39052F091FA11B8200201E4A /* CourseService.swift in Sources */ = {isa = PBXBuildFile; fileRef = 39052F081FA11B8200201E4A /* CourseService.swift */; };
		39052F0C1FA11C9000201E4A /* Service.swift in Sources */ = {isa = PBXBuildFile; fileRef = 39052F0B1FA11C9000201E4A /* Service.swift */; };
		393483141F8BC6EC00E016CE /* AppDelegate.swift in Sources */ = {isa = PBXBuildFile; fileRef = 393483131F8BC6EC00E016CE /* AppDelegate.swift */; };
		393483161F8BC6EC00E016CE /* ViewController.swift in Sources */ = {isa = PBXBuildFile; fileRef = 393483151F8BC6EC00E016CE /* ViewController.swift */; };
		393483191F8BC6EC00E016CE /* Main.storyboard in Resources */ = {isa = PBXBuildFile; fileRef = 393483171F8BC6EC00E016CE /* Main.storyboard */; };
		3934831B1F8BC6EC00E016CE /* Assets.xcassets in Resources */ = {isa = PBXBuildFile; fileRef = 3934831A1F8BC6EC00E016CE /* Assets.xcassets */; };
		3934831E1F8BC6EC00E016CE /* LaunchScreen.storyboard in Resources */ = {isa = PBXBuildFile; fileRef = 3934831C1F8BC6EC00E016CE /* LaunchScreen.storyboard */; };
		3934832A1F8BC8E200E016CE /* StoryboardInstantiable.swift in Sources */ = {isa = PBXBuildFile; fileRef = 393483291F8BC8E200E016CE /* StoryboardInstantiable.swift */; };
		3940412D1FA24C4C002AE0D2 /* MentorsListViewController.swift in Sources */ = {isa = PBXBuildFile; fileRef = 3940412C1FA24C4C002AE0D2 /* MentorsListViewController.swift */; };
		3940412F1FA24C56002AE0D2 /* MentorsListViewController.storyboard in Resources */ = {isa = PBXBuildFile; fileRef = 3940412E1FA24C56002AE0D2 /* MentorsListViewController.storyboard */; };
		394041321FA24E8D002AE0D2 /* Kingfisher.framework in Frameworks */ = {isa = PBXBuildFile; fileRef = 394041311FA24E8D002AE0D2 /* Kingfisher.framework */; };
		394041341FA24FE1002AE0D2 /* MentorsListCollectionViewCell.swift in Sources */ = {isa = PBXBuildFile; fileRef = 394041331FA24FE1002AE0D2 /* MentorsListCollectionViewCell.swift */; };
		394041361FA25098002AE0D2 /* UIImageViewExtension.swift in Sources */ = {isa = PBXBuildFile; fileRef = 394041351FA25098002AE0D2 /* UIImageViewExtension.swift */; };
		394041381FA25670002AE0D2 /* Reusable.swift in Sources */ = {isa = PBXBuildFile; fileRef = 394041371FA25670002AE0D2 /* Reusable.swift */; };
		3940413A1FA256CC002AE0D2 /* UICollectionViewExtension.swift in Sources */ = {isa = PBXBuildFile; fileRef = 394041391FA256CC002AE0D2 /* UICollectionViewExtension.swift */; };
		3940413C1FA256EC002AE0D2 /* UITableViewExtension.swift in Sources */ = {isa = PBXBuildFile; fileRef = 3940413B1FA256EC002AE0D2 /* UITableViewExtension.swift */; };
		3940413E1FA25707002AE0D2 /* NibLoadable.swift in Sources */ = {isa = PBXBuildFile; fileRef = 3940413D1FA25707002AE0D2 /* NibLoadable.swift */; };
		39F901E11FA249470002D92B /* MentorsService.swift in Sources */ = {isa = PBXBuildFile; fileRef = 39F901E01FA249470002D92B /* MentorsService.swift */; };
/* End PBXBuildFile section */

/* Begin PBXFileReference section */
		39052EFB1FA1117C00201E4A /* Config.swift */ = {isa = PBXFileReference; lastKnownFileType = sourcecode.swift; path = Config.swift; sourceTree = "<group>"; };
		39052EFD1FA111E700201E4A /* Network.swift */ = {isa = PBXFileReference; lastKnownFileType = sourcecode.swift; path = Network.swift; sourceTree = "<group>"; };
		39052EFF1FA1139E00201E4A /* Alamofire.framework */ = {isa = PBXFileReference; lastKnownFileType = wrapper.framework; name = Alamofire.framework; path = Carthage/Build/iOS/Alamofire.framework; sourceTree = "<group>"; };
		39052F011FA116C000201E4A /* Mentor.swift */ = {isa = PBXFileReference; lastKnownFileType = sourcecode.swift; path = Mentor.swift; sourceTree = "<group>"; };
		39052F041FA1197100201E4A /* ObjectMapper.framework */ = {isa = PBXFileReference; lastKnownFileType = wrapper.framework; name = ObjectMapper.framework; path = Carthage/Build/iOS/ObjectMapper.framework; sourceTree = "<group>"; };
		39052F061FA11A1600201E4A /* SwiftyJSON.framework */ = {isa = PBXFileReference; lastKnownFileType = wrapper.framework; name = SwiftyJSON.framework; path = Carthage/Build/iOS/SwiftyJSON.framework; sourceTree = "<group>"; };
		39052F081FA11B8200201E4A /* CourseService.swift */ = {isa = PBXFileReference; lastKnownFileType = sourcecode.swift; path = CourseService.swift; sourceTree = "<group>"; };
		39052F0B1FA11C9000201E4A /* Service.swift */ = {isa = PBXFileReference; lastKnownFileType = sourcecode.swift; path = Service.swift; sourceTree = "<group>"; };
		393483101F8BC6EC00E016CE /* MentorPreview.app */ = {isa = PBXFileReference; explicitFileType = wrapper.application; includeInIndex = 0; path = MentorPreview.app; sourceTree = BUILT_PRODUCTS_DIR; };
		393483131F8BC6EC00E016CE /* AppDelegate.swift */ = {isa = PBXFileReference; lastKnownFileType = sourcecode.swift; path = AppDelegate.swift; sourceTree = "<group>"; };
		393483151F8BC6EC00E016CE /* ViewController.swift */ = {isa = PBXFileReference; lastKnownFileType = sourcecode.swift; path = ViewController.swift; sourceTree = "<group>"; };
		393483181F8BC6EC00E016CE /* Base */ = {isa = PBXFileReference; lastKnownFileType = file.storyboard; name = Base; path = Base.lproj/Main.storyboard; sourceTree = "<group>"; };
		3934831A1F8BC6EC00E016CE /* Assets.xcassets */ = {isa = PBXFileReference; lastKnownFileType = folder.assetcatalog; path = Assets.xcassets; sourceTree = "<group>"; };
		3934831D1F8BC6EC00E016CE /* Base */ = {isa = PBXFileReference; lastKnownFileType = file.storyboard; name = Base; path = Base.lproj/LaunchScreen.storyboard; sourceTree = "<group>"; };
		3934831F1F8BC6EC00E016CE /* Info.plist */ = {isa = PBXFileReference; lastKnownFileType = text.plist.xml; path = Info.plist; sourceTree = "<group>"; };
		393483291F8BC8E200E016CE /* StoryboardInstantiable.swift */ = {isa = PBXFileReference; lastKnownFileType = sourcecode.swift; path = StoryboardInstantiable.swift; sourceTree = "<group>"; };
		393483361F8BD5FF00E016CE /* Result.framework */ = {isa = PBXFileReference; lastKnownFileType = wrapper.framework; name = Result.framework; path = Carthage/Build/iOS/Result.framework; sourceTree = "<group>"; };
		393483371F8BD5FF00E016CE /* APIKit.framework */ = {isa = PBXFileReference; lastKnownFileType = wrapper.framework; name = APIKit.framework; path = Carthage/Build/iOS/APIKit.framework; sourceTree = "<group>"; };
		3940412C1FA24C4C002AE0D2 /* MentorsListViewController.swift */ = {isa = PBXFileReference; lastKnownFileType = sourcecode.swift; path = MentorsListViewController.swift; sourceTree = "<group>"; };
		3940412E1FA24C56002AE0D2 /* MentorsListViewController.storyboard */ = {isa = PBXFileReference; lastKnownFileType = file.storyboard; path = MentorsListViewController.storyboard; sourceTree = "<group>"; };
		394041311FA24E8D002AE0D2 /* Kingfisher.framework */ = {isa = PBXFileReference; lastKnownFileType = wrapper.framework; name = Kingfisher.framework; path = Carthage/Build/iOS/Kingfisher.framework; sourceTree = "<group>"; };
		394041331FA24FE1002AE0D2 /* MentorsListCollectionViewCell.swift */ = {isa = PBXFileReference; lastKnownFileType = sourcecode.swift; path = MentorsListCollectionViewCell.swift; sourceTree = "<group>"; };
		394041351FA25098002AE0D2 /* UIImageViewExtension.swift */ = {isa = PBXFileReference; lastKnownFileType = sourcecode.swift; path = UIImageViewExtension.swift; sourceTree = "<group>"; };
		394041371FA25670002AE0D2 /* Reusable.swift */ = {isa = PBXFileReference; lastKnownFileType = sourcecode.swift; path = Reusable.swift; sourceTree = "<group>"; };
		394041391FA256CC002AE0D2 /* UICollectionViewExtension.swift */ = {isa = PBXFileReference; lastKnownFileType = sourcecode.swift; path = UICollectionViewExtension.swift; sourceTree = "<group>"; };
		3940413B1FA256EC002AE0D2 /* UITableViewExtension.swift */ = {isa = PBXFileReference; lastKnownFileType = sourcecode.swift; path = UITableViewExtension.swift; sourceTree = "<group>"; };
		3940413D1FA25707002AE0D2 /* NibLoadable.swift */ = {isa = PBXFileReference; lastKnownFileType = sourcecode.swift; path = NibLoadable.swift; sourceTree = "<group>"; };
		39F901E01FA249470002D92B /* MentorsService.swift */ = {isa = PBXFileReference; lastKnownFileType = sourcecode.swift; path = MentorsService.swift; sourceTree = "<group>"; };
/* End PBXFileReference section */

/* Begin PBXFrameworksBuildPhase section */
		3934830D1F8BC6EC00E016CE /* Frameworks */ = {
			isa = PBXFrameworksBuildPhase;
			buildActionMask = 2147483647;
			files = (
				394041321FA24E8D002AE0D2 /* Kingfisher.framework in Frameworks */,
				39052F071FA11A1600201E4A /* SwiftyJSON.framework in Frameworks */,
				39052F051FA1197100201E4A /* ObjectMapper.framework in Frameworks */,
				39052F001FA1139E00201E4A /* Alamofire.framework in Frameworks */,
			);
			runOnlyForDeploymentPostprocessing = 0;
		};
/* End PBXFrameworksBuildPhase section */

/* Begin PBXGroup section */
		39052F031FA116C500201E4A /* Objects */ = {
			isa = PBXGroup;
			children = (
				39052F011FA116C000201E4A /* Mentor.swift */,
			);
			path = Objects;
			sourceTree = "<group>";
		};
		39052F0A1FA11B8600201E4A /* Services */ = {
			isa = PBXGroup;
			children = (
				39052F0B1FA11C9000201E4A /* Service.swift */,
				39052F081FA11B8200201E4A /* CourseService.swift */,
				39F901E01FA249470002D92B /* MentorsService.swift */,
			);
			path = Services;
			sourceTree = "<group>";
		};
		393483071F8BC6EC00E016CE = {
			isa = PBXGroup;
			children = (
				393483121F8BC6EC00E016CE /* MentorPreview */,
				393483111F8BC6EC00E016CE /* Products */,
				393483351F8BD5FF00E016CE /* Frameworks */,
			);
			sourceTree = "<group>";
		};
		393483111F8BC6EC00E016CE /* Products */ = {
			isa = PBXGroup;
			children = (
				393483101F8BC6EC00E016CE /* MentorPreview.app */,
			);
			name = Products;
			sourceTree = "<group>";
		};
		393483121F8BC6EC00E016CE /* MentorPreview */ = {
			isa = PBXGroup;
			children = (
				393483281F8BC8D000E016CE /* Protocols */,
				393483251F8BC86C00E016CE /* Extensions */,
				39052F0A1FA11B8600201E4A /* Services */,
				39052F031FA116C500201E4A /* Objects */,
				3934832B1F8BC9B100E016CE /* Scenes */,
				393483131F8BC6EC00E016CE /* AppDelegate.swift */,
				393483151F8BC6EC00E016CE /* ViewController.swift */,
				393483171F8BC6EC00E016CE /* Main.storyboard */,
				3934831A1F8BC6EC00E016CE /* Assets.xcassets */,
				3934831C1F8BC6EC00E016CE /* LaunchScreen.storyboard */,
				3934831F1F8BC6EC00E016CE /* Info.plist */,
				39052EFB1FA1117C00201E4A /* Config.swift */,
				39052EFD1FA111E700201E4A /* Network.swift */,
			);
			path = MentorPreview;
			sourceTree = "<group>";
		};
		393483251F8BC86C00E016CE /* Extensions */ = {
			isa = PBXGroup;
			children = (
				394041351FA25098002AE0D2 /* UIImageViewExtension.swift */,
				394041391FA256CC002AE0D2 /* UICollectionViewExtension.swift */,
				3940413B1FA256EC002AE0D2 /* UITableViewExtension.swift */,
			);
			path = Extensions;
			sourceTree = "<group>";
		};
		393483281F8BC8D000E016CE /* Protocols */ = {
			isa = PBXGroup;
			children = (
				393483291F8BC8E200E016CE /* StoryboardInstantiable.swift */,
				394041371FA25670002AE0D2 /* Reusable.swift */,
				3940413D1FA25707002AE0D2 /* NibLoadable.swift */,
			);
			path = Protocols;
			sourceTree = "<group>";
		};
		3934832B1F8BC9B100E016CE /* Scenes */ = {
			isa = PBXGroup;
			children = (
				394041301FA24C87002AE0D2 /* MentorsList */,
			);
			path = Scenes;
			sourceTree = "<group>";
		};
		393483351F8BD5FF00E016CE /* Frameworks */ = {
			isa = PBXGroup;
			children = (
				394041311FA24E8D002AE0D2 /* Kingfisher.framework */,
				39052F061FA11A1600201E4A /* SwiftyJSON.framework */,
				39052F041FA1197100201E4A /* ObjectMapper.framework */,
				39052EFF1FA1139E00201E4A /* Alamofire.framework */,
				393483371F8BD5FF00E016CE /* APIKit.framework */,
				393483361F8BD5FF00E016CE /* Result.framework */,
			);
			name = Frameworks;
			sourceTree = "<group>";
		};
		394041301FA24C87002AE0D2 /* MentorsList */ = {
			isa = PBXGroup;
			children = (
				3940412C1FA24C4C002AE0D2 /* MentorsListViewController.swift */,
				3940412E1FA24C56002AE0D2 /* MentorsListViewController.storyboard */,
				394041331FA24FE1002AE0D2 /* MentorsListCollectionViewCell.swift */,
			);
			path = MentorsList;
			sourceTree = "<group>";
		};
/* End PBXGroup section */

/* Begin PBXNativeTarget section */
		3934830F1F8BC6EC00E016CE /* MentorPreview */ = {
			isa = PBXNativeTarget;
			buildConfigurationList = 393483221F8BC6EC00E016CE /* Build configuration list for PBXNativeTarget "MentorPreview" */;
			buildPhases = (
				3934830C1F8BC6EC00E016CE /* Sources */,
				3934830D1F8BC6EC00E016CE /* Frameworks */,
				3934830E1F8BC6EC00E016CE /* Resources */,
				3934833A1F8BD60400E016CE /* ShellScript */,
			);
			buildRules = (
			);
			dependencies = (
			);
			name = MentorPreview;
			productName = MentorPreview;
			productReference = 393483101F8BC6EC00E016CE /* MentorPreview.app */;
			productType = "com.apple.product-type.application";
		};
/* End PBXNativeTarget section */

/* Begin PBXProject section */
		393483081F8BC6EC00E016CE /* Project object */ = {
			isa = PBXProject;
			attributes = {
				LastSwiftUpdateCheck = 0900;
				LastUpgradeCheck = 0900;
				ORGANIZATIONNAME = ShinokiRyosei;
				TargetAttributes = {
					3934830F1F8BC6EC00E016CE = {
						CreatedOnToolsVersion = 9.0;
						ProvisioningStyle = Automatic;
					};
				};
			};
			buildConfigurationList = 3934830B1F8BC6EC00E016CE /* Build configuration list for PBXProject "MentorPreview" */;
			compatibilityVersion = "Xcode 8.0";
			developmentRegion = en;
			hasScannedForEncodings = 0;
			knownRegions = (
				en,
				Base,
			);
			mainGroup = 393483071F8BC6EC00E016CE;
			productRefGroup = 393483111F8BC6EC00E016CE /* Products */;
			projectDirPath = "";
			projectRoot = "";
			targets = (
				3934830F1F8BC6EC00E016CE /* MentorPreview */,
			);
		};
/* End PBXProject section */

/* Begin PBXResourcesBuildPhase section */
		3934830E1F8BC6EC00E016CE /* Resources */ = {
			isa = PBXResourcesBuildPhase;
			buildActionMask = 2147483647;
			files = (
				3940412F1FA24C56002AE0D2 /* MentorsListViewController.storyboard in Resources */,
				3934831E1F8BC6EC00E016CE /* LaunchScreen.storyboard in Resources */,
				3934831B1F8BC6EC00E016CE /* Assets.xcassets in Resources */,
				393483191F8BC6EC00E016CE /* Main.storyboard in Resources */,
			);
			runOnlyForDeploymentPostprocessing = 0;
		};
/* End PBXResourcesBuildPhase section */

/* Begin PBXShellScriptBuildPhase section */
		3934833A1F8BD60400E016CE /* ShellScript */ = {
			isa = PBXShellScriptBuildPhase;
			buildActionMask = 2147483647;
			files = (
			);
			inputPaths = (
				"$(SRCROOT)/Carthage/Build/iOS/Alamofire.framework",
				"$(SRCROOT)/Carthage/Build/iOS/ObjectMapper.framework",
				"$(SRCROOT)/Carthage/Build/iOS/SwiftyJSON.framework",
				"$(SRCROOT)/Carthage/Build/iOS/Kingfisher.framework",
			);
			outputPaths = (
			);
			runOnlyForDeploymentPostprocessing = 0;
			shellPath = /bin/sh;
			shellScript = "/usr/local/bin/carthage copy-frameworks";
		};
/* End PBXShellScriptBuildPhase section */

/* Begin PBXSourcesBuildPhase section */
		3934830C1F8BC6EC00E016CE /* Sources */ = {
			isa = PBXSourcesBuildPhase;
			buildActionMask = 2147483647;
			files = (
				39052F021FA116C000201E4A /* Mentor.swift in Sources */,
				39052F0C1FA11C9000201E4A /* Service.swift in Sources */,
				3940413A1FA256CC002AE0D2 /* UICollectionViewExtension.swift in Sources */,
				394041361FA25098002AE0D2 /* UIImageViewExtension.swift in Sources */,
				39052EFE1FA111E700201E4A /* Network.swift in Sources */,
				3940412D1FA24C4C002AE0D2 /* MentorsListViewController.swift in Sources */,
				3940413C1FA256EC002AE0D2 /* UITableViewExtension.swift in Sources */,
				39052F091FA11B8200201E4A /* CourseService.swift in Sources */,
				394041381FA25670002AE0D2 /* Reusable.swift in Sources */,
				3940413E1FA25707002AE0D2 /* NibLoadable.swift in Sources */,
				394041341FA24FE1002AE0D2 /* MentorsListCollectionViewCell.swift in Sources */,
				393483161F8BC6EC00E016CE /* ViewController.swift in Sources */,
				39052EFC1FA1117C00201E4A /* Config.swift in Sources */,
				39F901E11FA249470002D92B /* MentorsService.swift in Sources */,
				3934832A1F8BC8E200E016CE /* StoryboardInstantiable.swift in Sources */,
				393483141F8BC6EC00E016CE /* AppDelegate.swift in Sources */,
			);
			runOnlyForDeploymentPostprocessing = 0;
		};
/* End PBXSourcesBuildPhase section */

/* Begin PBXVariantGroup section */
		393483171F8BC6EC00E016CE /* Main.storyboard */ = {
			isa = PBXVariantGroup;
			children = (
				393483181F8BC6EC00E016CE /* Base */,
			);
			name = Main.storyboard;
			sourceTree = "<group>";
		};
		3934831C1F8BC6EC00E016CE /* LaunchScreen.storyboard */ = {
			isa = PBXVariantGroup;
			children = (
				3934831D1F8BC6EC00E016CE /* Base */,
			);
			name = LaunchScreen.storyboard;
			sourceTree = "<group>";
		};
/* End PBXVariantGroup section */

/* Begin XCBuildConfiguration section */
		393483201F8BC6EC00E016CE /* Debug */ = {
			isa = XCBuildConfiguration;
			buildSettings = {
				ALWAYS_SEARCH_USER_PATHS = NO;
				CLANG_ANALYZER_NONNULL = YES;
				CLANG_ANALYZER_NUMBER_OBJECT_CONVERSION = YES_AGGRESSIVE;
				CLANG_CXX_LANGUAGE_STANDARD = "gnu++14";
				CLANG_CXX_LIBRARY = "libc++";
				CLANG_ENABLE_MODULES = YES;
				CLANG_ENABLE_OBJC_ARC = YES;
				CLANG_WARN_BLOCK_CAPTURE_AUTORELEASING = YES;
				CLANG_WARN_BOOL_CONVERSION = YES;
				CLANG_WARN_COMMA = YES;
				CLANG_WARN_CONSTANT_CONVERSION = YES;
				CLANG_WARN_DIRECT_OBJC_ISA_USAGE = YES_ERROR;
				CLANG_WARN_DOCUMENTATION_COMMENTS = YES;
				CLANG_WARN_EMPTY_BODY = YES;
				CLANG_WARN_ENUM_CONVERSION = YES;
				CLANG_WARN_INFINITE_RECURSION = YES;
				CLANG_WARN_INT_CONVERSION = YES;
				CLANG_WARN_NON_LITERAL_NULL_CONVERSION = YES;
				CLANG_WARN_OBJC_LITERAL_CONVERSION = YES;
				CLANG_WARN_OBJC_ROOT_CLASS = YES_ERROR;
				CLANG_WARN_RANGE_LOOP_ANALYSIS = YES;
				CLANG_WARN_STRICT_PROTOTYPES = YES;
				CLANG_WARN_SUSPICIOUS_MOVE = YES;
				CLANG_WARN_UNGUARDED_AVAILABILITY = YES_AGGRESSIVE;
				CLANG_WARN_UNREACHABLE_CODE = YES;
				CLANG_WARN__DUPLICATE_METHOD_MATCH = YES;
				CODE_SIGN_IDENTITY = "iPhone Developer";
				COPY_PHASE_STRIP = NO;
				DEBUG_INFORMATION_FORMAT = dwarf;
				ENABLE_STRICT_OBJC_MSGSEND = YES;
				ENABLE_TESTABILITY = YES;
				GCC_C_LANGUAGE_STANDARD = gnu11;
				GCC_DYNAMIC_NO_PIC = NO;
				GCC_NO_COMMON_BLOCKS = YES;
				GCC_OPTIMIZATION_LEVEL = 0;
				GCC_PREPROCESSOR_DEFINITIONS = (
					"DEBUG=1",
					"$(inherited)",
				);
				GCC_WARN_64_TO_32_BIT_CONVERSION = YES;
				GCC_WARN_ABOUT_RETURN_TYPE = YES_ERROR;
				GCC_WARN_UNDECLARED_SELECTOR = YES;
				GCC_WARN_UNINITIALIZED_AUTOS = YES_AGGRESSIVE;
				GCC_WARN_UNUSED_FUNCTION = YES;
				GCC_WARN_UNUSED_VARIABLE = YES;
				IPHONEOS_DEPLOYMENT_TARGET = 11.0;
				MTL_ENABLE_DEBUG_INFO = YES;
				ONLY_ACTIVE_ARCH = YES;
				SDKROOT = iphoneos;
				SWIFT_ACTIVE_COMPILATION_CONDITIONS = DEBUG;
				SWIFT_OPTIMIZATION_LEVEL = "-Onone";
			};
			name = Debug;
		};
		393483211F8BC6EC00E016CE /* Release */ = {
			isa = XCBuildConfiguration;
			buildSettings = {
				ALWAYS_SEARCH_USER_PATHS = NO;
				CLANG_ANALYZER_NONNULL = YES;
				CLANG_ANALYZER_NUMBER_OBJECT_CONVERSION = YES_AGGRESSIVE;
				CLANG_CXX_LANGUAGE_STANDARD = "gnu++14";
				CLANG_CXX_LIBRARY = "libc++";
				CLANG_ENABLE_MODULES = YES;
				CLANG_ENABLE_OBJC_ARC = YES;
				CLANG_WARN_BLOCK_CAPTURE_AUTORELEASING = YES;
				CLANG_WARN_BOOL_CONVERSION = YES;
				CLANG_WARN_COMMA = YES;
				CLANG_WARN_CONSTANT_CONVERSION = YES;
				CLANG_WARN_DIRECT_OBJC_ISA_USAGE = YES_ERROR;
				CLANG_WARN_DOCUMENTATION_COMMENTS = YES;
				CLANG_WARN_EMPTY_BODY = YES;
				CLANG_WARN_ENUM_CONVERSION = YES;
				CLANG_WARN_INFINITE_RECURSION = YES;
				CLANG_WARN_INT_CONVERSION = YES;
				CLANG_WARN_NON_LITERAL_NULL_CONVERSION = YES;
				CLANG_WARN_OBJC_LITERAL_CONVERSION = YES;
				CLANG_WARN_OBJC_ROOT_CLASS = YES_ERROR;
				CLANG_WARN_RANGE_LOOP_ANALYSIS = YES;
				CLANG_WARN_STRICT_PROTOTYPES = YES;
				CLANG_WARN_SUSPICIOUS_MOVE = YES;
				CLANG_WARN_UNGUARDED_AVAILABILITY = YES_AGGRESSIVE;
				CLANG_WARN_UNREACHABLE_CODE = YES;
				CLANG_WARN__DUPLICATE_METHOD_MATCH = YES;
				CODE_SIGN_IDENTITY = "iPhone Developer";
				COPY_PHASE_STRIP = NO;
				DEBUG_INFORMATION_FORMAT = "dwarf-with-dsym";
				ENABLE_NS_ASSERTIONS = NO;
				ENABLE_STRICT_OBJC_MSGSEND = YES;
				GCC_C_LANGUAGE_STANDARD = gnu11;
				GCC_NO_COMMON_BLOCKS = YES;
				GCC_WARN_64_TO_32_BIT_CONVERSION = YES;
				GCC_WARN_ABOUT_RETURN_TYPE = YES_ERROR;
				GCC_WARN_UNDECLARED_SELECTOR = YES;
				GCC_WARN_UNINITIALIZED_AUTOS = YES_AGGRESSIVE;
				GCC_WARN_UNUSED_FUNCTION = YES;
				GCC_WARN_UNUSED_VARIABLE = YES;
				IPHONEOS_DEPLOYMENT_TARGET = 11.0;
				MTL_ENABLE_DEBUG_INFO = NO;
				SDKROOT = iphoneos;
				SWIFT_OPTIMIZATION_LEVEL = "-Owholemodule";
				VALIDATE_PRODUCT = YES;
			};
			name = Release;
		};
		393483231F8BC6EC00E016CE /* Debug */ = {
			isa = XCBuildConfiguration;
			buildSettings = {
				ASSETCATALOG_COMPILER_APPICON_NAME = AppIcon;
				CODE_SIGN_STYLE = Automatic;
				DEVELOPMENT_TEAM = SLHYE76MHB;
				FRAMEWORK_SEARCH_PATHS = (
					"$(inherited)",
					"$(PROJECT_DIR)/Carthage/Build/iOS",
				);
				INFOPLIST_FILE = MentorPreview/Info.plist;
				IPHONEOS_DEPLOYMENT_TARGET = 10.0;
				LD_RUNPATH_SEARCH_PATHS = "$(inherited) @executable_path/Frameworks";
				PRODUCT_BUNDLE_IDENTIFIER = tv.shinoki.MentorPreview;
				PRODUCT_NAME = "$(TARGET_NAME)";
				SWIFT_VERSION = 4.0;
				TARGETED_DEVICE_FAMILY = "1,2";
			};
			name = Debug;
		};
		393483241F8BC6EC00E016CE /* Release */ = {
			isa = XCBuildConfiguration;
			buildSettings = {
				ASSETCATALOG_COMPILER_APPICON_NAME = AppIcon;
				CODE_SIGN_STYLE = Automatic;
				DEVELOPMENT_TEAM = SLHYE76MHB;
				FRAMEWORK_SEARCH_PATHS = (
					"$(inherited)",
					"$(PROJECT_DIR)/Carthage/Build/iOS",
				);
				INFOPLIST_FILE = MentorPreview/Info.plist;
				IPHONEOS_DEPLOYMENT_TARGET = 10.0;
				LD_RUNPATH_SEARCH_PATHS = "$(inherited) @executable_path/Frameworks";
				PRODUCT_BUNDLE_IDENTIFIER = tv.shinoki.MentorPreview;
				PRODUCT_NAME = "$(TARGET_NAME)";
				SWIFT_VERSION = 4.0;
				TARGETED_DEVICE_FAMILY = "1,2";
			};
			name = Release;
		};
/* End XCBuildConfiguration section */

/* Begin XCConfigurationList section */
		3934830B1F8BC6EC00E016CE /* Build configuration list for PBXProject "MentorPreview" */ = {
			isa = XCConfigurationList;
			buildConfigurations = (
				393483201F8BC6EC00E016CE /* Debug */,
				393483211F8BC6EC00E016CE /* Release */,
			);
			defaultConfigurationIsVisible = 0;
			defaultConfigurationName = Release;
		};
		393483221F8BC6EC00E016CE /* Build configuration list for PBXNativeTarget "MentorPreview" */ = {
			isa = XCConfigurationList;
			buildConfigurations = (
				393483231F8BC6EC00E016CE /* Debug */,
				393483241F8BC6EC00E016CE /* Release */,
			);
			defaultConfigurationIsVisible = 0;
			defaultConfigurationName = Release;
		};
/* End XCConfigurationList section */
	};
	rootObject = 393483081F8BC6EC00E016CE /* Project object */;
}
